
Microsoft Visual Studio Solution File, Format Version 12.00
# Visual Studio Version 17
VisualStudioVersion = 17.2.32616.157
MinimumVisualStudioVersion = 10.0.40219.1
Project("{FAE04EC0-301F-11D3-BF4B-00C04F79EFBC}") = "Task_Rosatom", "Task_Rosatom.csproj", "{B1804B23-E7CF-4A6D-B6FC-BB4A879681B9}"
EndProject
Global
	GlobalSection(SolutionConfigurationPlatforms) = preSolution
		Debug|Any CPU = Debug|Any CPU
		Release|Any CPU = Release|Any CPU
	EndGlobalSection
	GlobalSection(ProjectConfigurationPlatforms) = postSolution
		{B1804B23-E7CF-4A6D-B6FC-BB4A879681B9}.Debug|Any CPU.ActiveCfg = Debug|Any CPU
		{B1804B23-E7CF-4A6D-B6FC-BB4A879681B9}.Debug|Any CPU.Build.0 = Debug|Any CPU
		{B1804B23-E7CF-4A6D-B6FC-BB4A879681B9}.Release|Any CPU.ActiveCfg = Release|Any CPU
		{B1804B23-E7CF-4A6D-B6FC-BB4A879681B9}.Release|Any CPU.Build.0 = Release|Any CPU
	EndGlobalSection
	GlobalSection(SolutionProperties) = preSolution
		HideSolutionNode = FALSE
	EndGlobalSection
	GlobalSection(ExtensibilityGlobals) = postSolution
		SolutionGuid = {E7F3A4AC-6CF1-40EC-8B0C-8B9BE45C9984}
	EndGlobalSection
EndGlobal
